
Microsoft Visual Studio Solution File, Format Version 12.00
# Visual Studio Version 17
VisualStudioVersion = 17.14.36616.10 d17.14
MinimumVisualStudioVersion = 10.0.40219.1
Project("{FAE04EC0-301F-11D3-BF4B-00C04F79EFBC}") = "RestaurantManagementProject", "RestaurantManagementProject\RestaurantManagementProject.csproj", "{0DC65470-E6EA-4BB2-9F22-654F6E6B922A}"
EndProject
Global
	GlobalSection(SolutionConfigurationPlatforms) = preSolution
		Debug|Any CPU = Debug|Any CPU
		Release|Any CPU = Release|Any CPU
	EndGlobalSection
	GlobalSection(ProjectConfigurationPlatforms) = postSolution
		{0DC65470-E6EA-4BB2-9F22-654F6E6B922A}.Debug|Any CPU.ActiveCfg = Debug|Any CPU
		{0DC65470-E6EA-4BB2-9F22-654F6E6B922A}.Debug|Any CPU.Build.0 = Debug|Any CPU
		{0DC65470-E6EA-4BB2-9F22-654F6E6B922A}.Release|Any CPU.ActiveCfg = Release|Any CPU
		{0DC65470-E6EA-4BB2-9F22-654F6E6B922A}.Release|Any CPU.Build.0 = Release|Any CPU
	EndGlobalSection
	GlobalSection(SolutionProperties) = preSolution
		HideSolutionNode = FALSE
	EndGlobalSection
	GlobalSection(ExtensibilityGlobals) = postSolution
		SolutionGuid = {FF3AE90F-81B1-40B7-9EDA-0D09834D52C0}
	EndGlobalSection
EndGlobal
