
Microsoft Visual Studio Solution File, Format Version 12.00
# Visual Studio Version 17
VisualStudioVersion = 17.14.36414.22
MinimumVisualStudioVersion = 10.0.40219.1
Project("{FAE04EC0-301F-11D3-BF4B-00C04F79EFBC}") = "ChuDe3", "ChuDe3\ChuDe3.csproj", "{DFDF0F1B-D0D7-40C2-B157-8F9FD520C901}"
EndProject
Project("{FAE04EC0-301F-11D3-BF4B-00C04F79EFBC}") = "DocFileJSON", "DocFileJSON\DocFileJSON.csproj", "{7B331F95-8123-4597-8E21-0CD445582BE2}"
EndProject
Project("{FAE04EC0-301F-11D3-BF4B-00C04F79EFBC}") = "DocFileXML_1", "DocFileXML_1\DocFileXML_1.csproj", "{90BE8749-BB82-4F2A-BABC-C41357B88F78}"
EndProject
Project("{FAE04EC0-301F-11D3-BF4B-00C04F79EFBC}") = "GhiFileXML_2", "GhiFileXML_2\GhiFileXML_2.csproj", "{361C1BE3-93BF-4ADD-B2A1-DA7F77ED5FA8}"
EndProject
Project("{FAE04EC0-301F-11D3-BF4B-00C04F79EFBC}") = "BaiTap_C", "BaiTap_C\BaiTap_C.csproj", "{ABF8936B-DE62-4FE5-9319-D9542EBDCC29}"
EndProject
Global
	GlobalSection(SolutionConfigurationPlatforms) = preSolution
		Debug|Any CPU = Debug|Any CPU
		Release|Any CPU = Release|Any CPU
	EndGlobalSection
	GlobalSection(ProjectConfigurationPlatforms) = postSolution
		{DFDF0F1B-D0D7-40C2-B157-8F9FD520C901}.Debug|Any CPU.ActiveCfg = Debug|Any CPU
		{DFDF0F1B-D0D7-40C2-B157-8F9FD520C901}.Debug|Any CPU.Build.0 = Debug|Any CPU
		{DFDF0F1B-D0D7-40C2-B157-8F9FD520C901}.Release|Any CPU.ActiveCfg = Release|Any CPU
		{DFDF0F1B-D0D7-40C2-B157-8F9FD520C901}.Release|Any CPU.Build.0 = Release|Any CPU
		{7B331F95-8123-4597-8E21-0CD445582BE2}.Debug|Any CPU.ActiveCfg = Debug|Any CPU
		{7B331F95-8123-4597-8E21-0CD445582BE2}.Debug|Any CPU.Build.0 = Debug|Any CPU
		{7B331F95-8123-4597-8E21-0CD445582BE2}.Release|Any CPU.ActiveCfg = Release|Any CPU
		{7B331F95-8123-4597-8E21-0CD445582BE2}.Release|Any CPU.Build.0 = Release|Any CPU
		{90BE8749-BB82-4F2A-BABC-C41357B88F78}.Debug|Any CPU.ActiveCfg = Debug|Any CPU
		{90BE8749-BB82-4F2A-BABC-C41357B88F78}.Debug|Any CPU.Build.0 = Debug|Any CPU
		{90BE8749-BB82-4F2A-BABC-C41357B88F78}.Release|Any CPU.ActiveCfg = Release|Any CPU
		{90BE8749-BB82-4F2A-BABC-C41357B88F78}.Release|Any CPU.Build.0 = Release|Any CPU
		{361C1BE3-93BF-4ADD-B2A1-DA7F77ED5FA8}.Debug|Any CPU.ActiveCfg = Debug|Any CPU
		{361C1BE3-93BF-4ADD-B2A1-DA7F77ED5FA8}.Debug|Any CPU.Build.0 = Debug|Any CPU
		{361C1BE3-93BF-4ADD-B2A1-DA7F77ED5FA8}.Release|Any CPU.ActiveCfg = Release|Any CPU
		{361C1BE3-93BF-4ADD-B2A1-DA7F77ED5FA8}.Release|Any CPU.Build.0 = Release|Any CPU
		{ABF8936B-DE62-4FE5-9319-D9542EBDCC29}.Debug|Any CPU.ActiveCfg = Debug|Any CPU
		{ABF8936B-DE62-4FE5-9319-D9542EBDCC29}.Debug|Any CPU.Build.0 = Debug|Any CPU
		{ABF8936B-DE62-4FE5-9319-D9542EBDCC29}.Release|Any CPU.ActiveCfg = Release|Any CPU
		{ABF8936B-DE62-4FE5-9319-D9542EBDCC29}.Release|Any CPU.Build.0 = Release|Any CPU
	EndGlobalSection
	GlobalSection(SolutionProperties) = preSolution
		HideSolutionNode = FALSE
	EndGlobalSection
	GlobalSection(ExtensibilityGlobals) = postSolution
		SolutionGuid = {E87CE090-6D62-4AF9-B28A-EDD826383564}
	EndGlobalSection
EndGlobal
